// !$*UTF8*$!
{
	archiveVersion = 1;
	classes = {
	};
	objectVersion = 56;
	objects = {

/* Begin PBXBuildFile section */
		BFD7A7C589F10D9CEFD0A0A4 /* Pods_VeroCaseStudy.framework in Frameworks */ = {isa = PBXBuildFile; fileRef = E06E820A0EB75CAFE74FDA5C /* Pods_VeroCaseStudy.framework */; };
		EA14385429D5E8D3004FDED1 /* AppDelegate.swift in Sources */ = {isa = PBXBuildFile; fileRef = EA14385329D5E8D3004FDED1 /* AppDelegate.swift */; };
		EA14385629D5E8D3004FDED1 /* SceneDelegate.swift in Sources */ = {isa = PBXBuildFile; fileRef = EA14385529D5E8D3004FDED1 /* SceneDelegate.swift */; };
		EA14385829D5E8D3004FDED1 /* HomeViewController.swift in Sources */ = {isa = PBXBuildFile; fileRef = EA14385729D5E8D3004FDED1 /* HomeViewController.swift */; };
		EA14385D29D5E8D4004FDED1 /* Assets.xcassets in Resources */ = {isa = PBXBuildFile; fileRef = EA14385C29D5E8D4004FDED1 /* Assets.xcassets */; };
		EA14386029D5E8D4004FDED1 /* LaunchScreen.storyboard in Resources */ = {isa = PBXBuildFile; fileRef = EA14385E29D5E8D4004FDED1 /* LaunchScreen.storyboard */; };
		EA14386A29D5E932004FDED1 /* Items.swift in Sources */ = {isa = PBXBuildFile; fileRef = EA14386929D5E932004FDED1 /* Items.swift */; };
		EA14387529D6D291004FDED1 /* HomeTableViewCell.swift in Sources */ = {isa = PBXBuildFile; fileRef = EA14387429D6D291004FDED1 /* HomeTableViewCell.swift */; };
		EA14387829D6D697004FDED1 /* UIView.swift in Sources */ = {isa = PBXBuildFile; fileRef = EA14387729D6D697004FDED1 /* UIView.swift */; };
		EA29900F29D7158500ED5A6C /* HomeViewModel.swift in Sources */ = {isa = PBXBuildFile; fileRef = EA29900E29D7158500ED5A6C /* HomeViewModel.swift */; };
		EA29901129D71DB300ED5A6C /* BaseRequestInterceptor.swift in Sources */ = {isa = PBXBuildFile; fileRef = EA29901029D71DB300ED5A6C /* BaseRequestInterceptor.swift */; };
		EA29901329D7276C00ED5A6C /* Auth.swift in Sources */ = {isa = PBXBuildFile; fileRef = EA29901229D7276C00ED5A6C /* Auth.swift */; };
		EA29901529D72BA300ED5A6C /* Encodable.swift in Sources */ = {isa = PBXBuildFile; fileRef = EA29901429D72BA300ED5A6C /* Encodable.swift */; };
		EA29901729D72BE200ED5A6C /* User.swift in Sources */ = {isa = PBXBuildFile; fileRef = EA29901629D72BE200ED5A6C /* User.swift */; };
		EA373EE929D78CDD00D8AE65 /* UIColor.swift in Sources */ = {isa = PBXBuildFile; fileRef = EA373EE829D78CDD00D8AE65 /* UIColor.swift */; };
		EA373EEE29D8978100D8AE65 /* QRScannerViewController.swift in Sources */ = {isa = PBXBuildFile; fileRef = EA373EED29D8978100D8AE65 /* QRScannerViewController.swift */; };
/* End PBXBuildFile section */

/* Begin PBXFileReference section */
		09C6A1A5947D0E157240DADB /* Pods-VeroCaseStudy.debug.xcconfig */ = {isa = PBXFileReference; includeInIndex = 1; lastKnownFileType = text.xcconfig; name = "Pods-VeroCaseStudy.debug.xcconfig"; path = "Target Support Files/Pods-VeroCaseStudy/Pods-VeroCaseStudy.debug.xcconfig"; sourceTree = "<group>"; };
		0F59E39E082C18CEBF9A01A1 /* Pods-VeroCaseStudy.release.xcconfig */ = {isa = PBXFileReference; includeInIndex = 1; lastKnownFileType = text.xcconfig; name = "Pods-VeroCaseStudy.release.xcconfig"; path = "Target Support Files/Pods-VeroCaseStudy/Pods-VeroCaseStudy.release.xcconfig"; sourceTree = "<group>"; };
		E06E820A0EB75CAFE74FDA5C /* Pods_VeroCaseStudy.framework */ = {isa = PBXFileReference; explicitFileType = wrapper.framework; includeInIndex = 0; path = Pods_VeroCaseStudy.framework; sourceTree = BUILT_PRODUCTS_DIR; };
		EA14385029D5E8D3004FDED1 /* VeroCaseStudy.app */ = {isa = PBXFileReference; explicitFileType = wrapper.application; includeInIndex = 0; path = VeroCaseStudy.app; sourceTree = BUILT_PRODUCTS_DIR; };
		EA14385329D5E8D3004FDED1 /* AppDelegate.swift */ = {isa = PBXFileReference; lastKnownFileType = sourcecode.swift; path = AppDelegate.swift; sourceTree = "<group>"; };
		EA14385529D5E8D3004FDED1 /* SceneDelegate.swift */ = {isa = PBXFileReference; lastKnownFileType = sourcecode.swift; path = SceneDelegate.swift; sourceTree = "<group>"; };
		EA14385729D5E8D3004FDED1 /* HomeViewController.swift */ = {isa = PBXFileReference; lastKnownFileType = sourcecode.swift; path = HomeViewController.swift; sourceTree = "<group>"; };
		EA14385C29D5E8D4004FDED1 /* Assets.xcassets */ = {isa = PBXFileReference; lastKnownFileType = folder.assetcatalog; path = Assets.xcassets; sourceTree = "<group>"; };
		EA14385F29D5E8D4004FDED1 /* Base */ = {isa = PBXFileReference; lastKnownFileType = file.storyboard; name = Base; path = Base.lproj/LaunchScreen.storyboard; sourceTree = "<group>"; };
		EA14386129D5E8D4004FDED1 /* Info.plist */ = {isa = PBXFileReference; lastKnownFileType = text.plist.xml; path = Info.plist; sourceTree = "<group>"; };
		EA14386929D5E932004FDED1 /* Items.swift */ = {isa = PBXFileReference; lastKnownFileType = sourcecode.swift; path = Items.swift; sourceTree = "<group>"; };
		EA14387429D6D291004FDED1 /* HomeTableViewCell.swift */ = {isa = PBXFileReference; lastKnownFileType = sourcecode.swift; path = HomeTableViewCell.swift; sourceTree = "<group>"; };
		EA14387729D6D697004FDED1 /* UIView.swift */ = {isa = PBXFileReference; lastKnownFileType = sourcecode.swift; path = UIView.swift; sourceTree = "<group>"; };
		EA29900E29D7158500ED5A6C /* HomeViewModel.swift */ = {isa = PBXFileReference; lastKnownFileType = sourcecode.swift; path = HomeViewModel.swift; sourceTree = "<group>"; };
		EA29901029D71DB300ED5A6C /* BaseRequestInterceptor.swift */ = {isa = PBXFileReference; lastKnownFileType = sourcecode.swift; path = BaseRequestInterceptor.swift; sourceTree = "<group>"; };
		EA29901229D7276C00ED5A6C /* Auth.swift */ = {isa = PBXFileReference; lastKnownFileType = sourcecode.swift; path = Auth.swift; sourceTree = "<group>"; };
		EA29901429D72BA300ED5A6C /* Encodable.swift */ = {isa = PBXFileReference; lastKnownFileType = sourcecode.swift; path = Encodable.swift; sourceTree = "<group>"; };
		EA29901629D72BE200ED5A6C /* User.swift */ = {isa = PBXFileReference; lastKnownFileType = sourcecode.swift; path = User.swift; sourceTree = "<group>"; };
		EA373EE829D78CDD00D8AE65 /* UIColor.swift */ = {isa = PBXFileReference; lastKnownFileType = sourcecode.swift; path = UIColor.swift; sourceTree = "<group>"; };
		EA373EED29D8978100D8AE65 /* QRScannerViewController.swift */ = {isa = PBXFileReference; lastKnownFileType = sourcecode.swift; path = QRScannerViewController.swift; sourceTree = "<group>"; };
/* End PBXFileReference section */

/* Begin PBXFrameworksBuildPhase section */
		EA14384D29D5E8D3004FDED1 /* Frameworks */ = {
			isa = PBXFrameworksBuildPhase;
			buildActionMask = 2147483647;
			files = (
				BFD7A7C589F10D9CEFD0A0A4 /* Pods_VeroCaseStudy.framework in Frameworks */,
			);
			runOnlyForDeploymentPostprocessing = 0;
		};
/* End PBXFrameworksBuildPhase section */

/* Begin PBXGroup section */
		13FF5B4646278FC863647CF7 /* Pods */ = {
			isa = PBXGroup;
			children = (
				09C6A1A5947D0E157240DADB /* Pods-VeroCaseStudy.debug.xcconfig */,
				0F59E39E082C18CEBF9A01A1 /* Pods-VeroCaseStudy.release.xcconfig */,
			);
			path = Pods;
			sourceTree = "<group>";
		};
		EA14384729D5E8D3004FDED1 = {
			isa = PBXGroup;
			children = (
				EA14385229D5E8D3004FDED1 /* VeroCaseStudy */,
				EA14385129D5E8D3004FDED1 /* Products */,
				13FF5B4646278FC863647CF7 /* Pods */,
				F3BDD2B946A40634A150D576 /* Frameworks */,
			);
			sourceTree = "<group>";
		};
		EA14385129D5E8D3004FDED1 /* Products */ = {
			isa = PBXGroup;
			children = (
				EA14385029D5E8D3004FDED1 /* VeroCaseStudy.app */,
			);
			name = Products;
			sourceTree = "<group>";
		};
		EA14385229D5E8D3004FDED1 /* VeroCaseStudy */ = {
			isa = PBXGroup;
			children = (
				EA14387629D6D667004FDED1 /* Extensions */,
				EA14386729D5E8EA004FDED1 /* Resources */,
				EA14386B29D5E9A7004FDED1 /* API */,
				EA14386829D5E8FE004FDED1 /* Model */,
				EA14387029D6D230004FDED1 /* Scenes */,
				EA14386129D5E8D4004FDED1 /* Info.plist */,
			);
			path = VeroCaseStudy;
			sourceTree = "<group>";
		};
		EA14386729D5E8EA004FDED1 /* Resources */ = {
			isa = PBXGroup;
			children = (
				EA14385329D5E8D3004FDED1 /* AppDelegate.swift */,
				EA14385529D5E8D3004FDED1 /* SceneDelegate.swift */,
				EA14385C29D5E8D4004FDED1 /* Assets.xcassets */,
				EA14385E29D5E8D4004FDED1 /* LaunchScreen.storyboard */,
			);
			path = Resources;
			sourceTree = "<group>";
		};
		EA14386829D5E8FE004FDED1 /* Model */ = {
			isa = PBXGroup;
			children = (
				EA14386929D5E932004FDED1 /* Items.swift */,
				EA29901229D7276C00ED5A6C /* Auth.swift */,
				EA29901629D72BE200ED5A6C /* User.swift */,
			);
			path = Model;
			sourceTree = "<group>";
		};
		EA14386B29D5E9A7004FDED1 /* API */ = {
			isa = PBXGroup;
			children = (
				EA29901029D71DB300ED5A6C /* BaseRequestInterceptor.swift */,
			);
			path = API;
			sourceTree = "<group>";
		};
		EA14387029D6D230004FDED1 /* Scenes */ = {
			isa = PBXGroup;
			children = (
				EA373EEC29D8976800D8AE65 /* Scanner */,
				EA14387129D6D23A004FDED1 /* Home */,
			);
			path = Scenes;
			sourceTree = "<group>";
		};
		EA14387129D6D23A004FDED1 /* Home */ = {
			isa = PBXGroup;
			children = (
				EA14385729D5E8D3004FDED1 /* HomeViewController.swift */,
				EA29900E29D7158500ED5A6C /* HomeViewModel.swift */,
				EA14387329D6D26F004FDED1 /* HomeTVC */,
			);
			path = Home;
			sourceTree = "<group>";
		};
		EA14387329D6D26F004FDED1 /* HomeTVC */ = {
			isa = PBXGroup;
			children = (
				EA14387429D6D291004FDED1 /* HomeTableViewCell.swift */,
			);
			path = HomeTVC;
			sourceTree = "<group>";
		};
		EA14387629D6D667004FDED1 /* Extensions */ = {
			isa = PBXGroup;
			children = (
				EA14387729D6D697004FDED1 /* UIView.swift */,
				EA29901429D72BA300ED5A6C /* Encodable.swift */,
				EA373EE829D78CDD00D8AE65 /* UIColor.swift */,
			);
			path = Extensions;
			sourceTree = "<group>";
		};
		EA373EEC29D8976800D8AE65 /* Scanner */ = {
			isa = PBXGroup;
			children = (
				EA373EED29D8978100D8AE65 /* QRScannerViewController.swift */,
			);
			path = Scanner;
			sourceTree = "<group>";
		};
		F3BDD2B946A40634A150D576 /* Frameworks */ = {
			isa = PBXGroup;
			children = (
				E06E820A0EB75CAFE74FDA5C /* Pods_VeroCaseStudy.framework */,
			);
			name = Frameworks;
			sourceTree = "<group>";
		};
/* End PBXGroup section */

/* Begin PBXNativeTarget section */
		EA14384F29D5E8D3004FDED1 /* VeroCaseStudy */ = {
			isa = PBXNativeTarget;
			buildConfigurationList = EA14386429D5E8D4004FDED1 /* Build configuration list for PBXNativeTarget "VeroCaseStudy" */;
			buildPhases = (
				603D4BCFF1DCF095B1321559 /* [CP] Check Pods Manifest.lock */,
				EA14384C29D5E8D3004FDED1 /* Sources */,
				EA14384D29D5E8D3004FDED1 /* Frameworks */,
				EA14384E29D5E8D3004FDED1 /* Resources */,
				F329432ADDF7FA2737D48403 /* [CP] Embed Pods Frameworks */,
			);
			buildRules = (
			);
			dependencies = (
			);
			name = VeroCaseStudy;
			productName = VeroCaseStudy;
			productReference = EA14385029D5E8D3004FDED1 /* VeroCaseStudy.app */;
			productType = "com.apple.product-type.application";
		};
/* End PBXNativeTarget section */

/* Begin PBXProject section */
		EA14384829D5E8D3004FDED1 /* Project object */ = {
			isa = PBXProject;
			attributes = {
				BuildIndependentTargetsInParallel = 1;
				LastSwiftUpdateCheck = 1420;
				LastUpgradeCheck = 1420;
				TargetAttributes = {
					EA14384F29D5E8D3004FDED1 = {
						CreatedOnToolsVersion = 14.2;
					};
				};
			};
			buildConfigurationList = EA14384B29D5E8D3004FDED1 /* Build configuration list for PBXProject "VeroCaseStudy" */;
			compatibilityVersion = "Xcode 14.0";
			developmentRegion = en;
			hasScannedForEncodings = 0;
			knownRegions = (
				en,
				Base,
			);
			mainGroup = EA14384729D5E8D3004FDED1;
			productRefGroup = EA14385129D5E8D3004FDED1 /* Products */;
			projectDirPath = "";
			projectRoot = "";
			targets = (
				EA14384F29D5E8D3004FDED1 /* VeroCaseStudy */,
			);
		};
/* End PBXProject section */

/* Begin PBXResourcesBuildPhase section */
		EA14384E29D5E8D3004FDED1 /* Resources */ = {
			isa = PBXResourcesBuildPhase;
			buildActionMask = 2147483647;
			files = (
				EA14386029D5E8D4004FDED1 /* LaunchScreen.storyboard in Resources */,
				EA14385D29D5E8D4004FDED1 /* Assets.xcassets in Resources */,
			);
			runOnlyForDeploymentPostprocessing = 0;
		};
/* End PBXResourcesBuildPhase section */

/* Begin PBXShellScriptBuildPhase section */
		603D4BCFF1DCF095B1321559 /* [CP] Check Pods Manifest.lock */ = {
			isa = PBXShellScriptBuildPhase;
			buildActionMask = 2147483647;
			files = (
			);
			inputFileListPaths = (
			);
			inputPaths = (
				"${PODS_PODFILE_DIR_PATH}/Podfile.lock",
				"${PODS_ROOT}/Manifest.lock",
			);
			name = "[CP] Check Pods Manifest.lock";
			outputFileListPaths = (
			);
			outputPaths = (
				"$(DERIVED_FILE_DIR)/Pods-VeroCaseStudy-checkManifestLockResult.txt",
			);
			runOnlyForDeploymentPostprocessing = 0;
			shellPath = /bin/sh;
			shellScript = "diff \"${PODS_PODFILE_DIR_PATH}/Podfile.lock\" \"${PODS_ROOT}/Manifest.lock\" > /dev/null\nif [ $? != 0 ] ; then\n    # print error to STDERR\n    echo \"error: The sandbox is not in sync with the Podfile.lock. Run 'pod install' or update your CocoaPods installation.\" >&2\n    exit 1\nfi\n# This output is used by Xcode 'outputs' to avoid re-running this script phase.\necho \"SUCCESS\" > \"${SCRIPT_OUTPUT_FILE_0}\"\n";
			showEnvVarsInLog = 0;
		};
		F329432ADDF7FA2737D48403 /* [CP] Embed Pods Frameworks */ = {
			isa = PBXShellScriptBuildPhase;
			buildActionMask = 2147483647;
			files = (
			);
			inputFileListPaths = (
				"${PODS_ROOT}/Target Support Files/Pods-VeroCaseStudy/Pods-VeroCaseStudy-frameworks-${CONFIGURATION}-input-files.xcfilelist",
			);
			name = "[CP] Embed Pods Frameworks";
			outputFileListPaths = (
				"${PODS_ROOT}/Target Support Files/Pods-VeroCaseStudy/Pods-VeroCaseStudy-frameworks-${CONFIGURATION}-output-files.xcfilelist",
			);
			runOnlyForDeploymentPostprocessing = 0;
			shellPath = /bin/sh;
			shellScript = "\"${PODS_ROOT}/Target Support Files/Pods-VeroCaseStudy/Pods-VeroCaseStudy-frameworks.sh\"\n";
			showEnvVarsInLog = 0;
		};
/* End PBXShellScriptBuildPhase section */

/* Begin PBXSourcesBuildPhase section */
		EA14384C29D5E8D3004FDED1 /* Sources */ = {
			isa = PBXSourcesBuildPhase;
			buildActionMask = 2147483647;
			files = (
				EA29901729D72BE200ED5A6C /* User.swift in Sources */,
				EA373EE929D78CDD00D8AE65 /* UIColor.swift in Sources */,
				EA14387829D6D697004FDED1 /* UIView.swift in Sources */,
				EA373EEE29D8978100D8AE65 /* QRScannerViewController.swift in Sources */,
				EA29900F29D7158500ED5A6C /* HomeViewModel.swift in Sources */,
				EA14386A29D5E932004FDED1 /* Items.swift in Sources */,
				EA29901129D71DB300ED5A6C /* BaseRequestInterceptor.swift in Sources */,
				EA14387529D6D291004FDED1 /* HomeTableViewCell.swift in Sources */,
				EA29901329D7276C00ED5A6C /* Auth.swift in Sources */,
				EA29901529D72BA300ED5A6C /* Encodable.swift in Sources */,
				EA14385829D5E8D3004FDED1 /* HomeViewController.swift in Sources */,
				EA14385429D5E8D3004FDED1 /* AppDelegate.swift in Sources */,
				EA14385629D5E8D3004FDED1 /* SceneDelegate.swift in Sources */,
			);
			runOnlyForDeploymentPostprocessing = 0;
		};
/* End PBXSourcesBuildPhase section */

/* Begin PBXVariantGroup section */
		EA14385E29D5E8D4004FDED1 /* LaunchScreen.storyboard */ = {
			isa = PBXVariantGroup;
			children = (
				EA14385F29D5E8D4004FDED1 /* Base */,
			);
			name = LaunchScreen.storyboard;
			sourceTree = "<group>";
		};
/* End PBXVariantGroup section */

/* Begin XCBuildConfiguration section */
		EA14386229D5E8D4004FDED1 /* Debug */ = {
			isa = XCBuildConfiguration;
			buildSettings = {
				ALWAYS_SEARCH_USER_PATHS = NO;
				CLANG_ANALYZER_NONNULL = YES;
				CLANG_ANALYZER_NUMBER_OBJECT_CONVERSION = YES_AGGRESSIVE;
				CLANG_CXX_LANGUAGE_STANDARD = "gnu++20";
				CLANG_ENABLE_MODULES = YES;
				CLANG_ENABLE_OBJC_ARC = YES;
				CLANG_ENABLE_OBJC_WEAK = YES;
				CLANG_WARN_BLOCK_CAPTURE_AUTORELEASING = YES;
				CLANG_WARN_BOOL_CONVERSION = YES;
				CLANG_WARN_COMMA = YES;
				CLANG_WARN_CONSTANT_CONVERSION = YES;
				CLANG_WARN_DEPRECATED_OBJC_IMPLEMENTATIONS = YES;
				CLANG_WARN_DIRECT_OBJC_ISA_USAGE = YES_ERROR;
				CLANG_WARN_DOCUMENTATION_COMMENTS = YES;
				CLANG_WARN_EMPTY_BODY = YES;
				CLANG_WARN_ENUM_CONVERSION = YES;
				CLANG_WARN_INFINITE_RECURSION = YES;
				CLANG_WARN_INT_CONVERSION = YES;
				CLANG_WARN_NON_LITERAL_NULL_CONVERSION = YES;
				CLANG_WARN_OBJC_IMPLICIT_RETAIN_SELF = YES;
				CLANG_WARN_OBJC_LITERAL_CONVERSION = YES;
				CLANG_WARN_OBJC_ROOT_CLASS = YES_ERROR;
				CLANG_WARN_QUOTED_INCLUDE_IN_FRAMEWORK_HEADER = YES;
				CLANG_WARN_RANGE_LOOP_ANALYSIS = YES;
				CLANG_WARN_STRICT_PROTOTYPES = YES;
				CLANG_WARN_SUSPICIOUS_MOVE = YES;
				CLANG_WARN_UNGUARDED_AVAILABILITY = YES_AGGRESSIVE;
				CLANG_WARN_UNREACHABLE_CODE = YES;
				CLANG_WARN__DUPLICATE_METHOD_MATCH = YES;
				COPY_PHASE_STRIP = NO;
				DEBUG_INFORMATION_FORMAT = dwarf;
				ENABLE_STRICT_OBJC_MSGSEND = YES;
				ENABLE_TESTABILITY = YES;
				GCC_C_LANGUAGE_STANDARD = gnu11;
				GCC_DYNAMIC_NO_PIC = NO;
				GCC_NO_COMMON_BLOCKS = YES;
				GCC_OPTIMIZATION_LEVEL = 0;
				GCC_PREPROCESSOR_DEFINITIONS = (
					"DEBUG=1",
					"$(inherited)",
				);
				GCC_WARN_64_TO_32_BIT_CONVERSION = YES;
				GCC_WARN_ABOUT_RETURN_TYPE = YES_ERROR;
				GCC_WARN_UNDECLARED_SELECTOR = YES;
				GCC_WARN_UNINITIALIZED_AUTOS = YES_AGGRESSIVE;
				GCC_WARN_UNUSED_FUNCTION = YES;
				GCC_WARN_UNUSED_VARIABLE = YES;
				IPHONEOS_DEPLOYMENT_TARGET = 13.0;
				MTL_ENABLE_DEBUG_INFO = INCLUDE_SOURCE;
				MTL_FAST_MATH = YES;
				ONLY_ACTIVE_ARCH = YES;
				SDKROOT = iphoneos;
				SWIFT_ACTIVE_COMPILATION_CONDITIONS = DEBUG;
				SWIFT_OPTIMIZATION_LEVEL = "-Onone";
			};
			name = Debug;
		};
		EA14386329D5E8D4004FDED1 /* Release */ = {
			isa = XCBuildConfiguration;
			buildSettings = {
				ALWAYS_SEARCH_USER_PATHS = NO;
				CLANG_ANALYZER_NONNULL = YES;
				CLANG_ANALYZER_NUMBER_OBJECT_CONVERSION = YES_AGGRESSIVE;
				CLANG_CXX_LANGUAGE_STANDARD = "gnu++20";
				CLANG_ENABLE_MODULES = YES;
				CLANG_ENABLE_OBJC_ARC = YES;
				CLANG_ENABLE_OBJC_WEAK = YES;
				CLANG_WARN_BLOCK_CAPTURE_AUTORELEASING = YES;
				CLANG_WARN_BOOL_CONVERSION = YES;
				CLANG_WARN_COMMA = YES;
				CLANG_WARN_CONSTANT_CONVERSION = YES;
				CLANG_WARN_DEPRECATED_OBJC_IMPLEMENTATIONS = YES;
				CLANG_WARN_DIRECT_OBJC_ISA_USAGE = YES_ERROR;
				CLANG_WARN_DOCUMENTATION_COMMENTS = YES;
				CLANG_WARN_EMPTY_BODY = YES;
				CLANG_WARN_ENUM_CONVERSION = YES;
				CLANG_WARN_INFINITE_RECURSION = YES;
				CLANG_WARN_INT_CONVERSION = YES;
				CLANG_WARN_NON_LITERAL_NULL_CONVERSION = YES;
				CLANG_WARN_OBJC_IMPLICIT_RETAIN_SELF = YES;
				CLANG_WARN_OBJC_LITERAL_CONVERSION = YES;
				CLANG_WARN_OBJC_ROOT_CLASS = YES_ERROR;
				CLANG_WARN_QUOTED_INCLUDE_IN_FRAMEWORK_HEADER = YES;
				CLANG_WARN_RANGE_LOOP_ANALYSIS = YES;
				CLANG_WARN_STRICT_PROTOTYPES = YES;
				CLANG_WARN_SUSPICIOUS_MOVE = YES;
				CLANG_WARN_UNGUARDED_AVAILABILITY = YES_AGGRESSIVE;
				CLANG_WARN_UNREACHABLE_CODE = YES;
				CLANG_WARN__DUPLICATE_METHOD_MATCH = YES;
				COPY_PHASE_STRIP = NO;
				DEBUG_INFORMATION_FORMAT = "dwarf-with-dsym";
				ENABLE_NS_ASSERTIONS = NO;
				ENABLE_STRICT_OBJC_MSGSEND = YES;
				GCC_C_LANGUAGE_STANDARD = gnu11;
				GCC_NO_COMMON_BLOCKS = YES;
				GCC_WARN_64_TO_32_BIT_CONVERSION = YES;
				GCC_WARN_ABOUT_RETURN_TYPE = YES_ERROR;
				GCC_WARN_UNDECLARED_SELECTOR = YES;
				GCC_WARN_UNINITIALIZED_AUTOS = YES_AGGRESSIVE;
				GCC_WARN_UNUSED_FUNCTION = YES;
				GCC_WARN_UNUSED_VARIABLE = YES;
				IPHONEOS_DEPLOYMENT_TARGET = 13.0;
				MTL_ENABLE_DEBUG_INFO = NO;
				MTL_FAST_MATH = YES;
				SDKROOT = iphoneos;
				SWIFT_COMPILATION_MODE = wholemodule;
				SWIFT_OPTIMIZATION_LEVEL = "-O";
				VALIDATE_PRODUCT = YES;
			};
			name = Release;
		};
		EA14386529D5E8D4004FDED1 /* Debug */ = {
			isa = XCBuildConfiguration;
			baseConfigurationReference = 09C6A1A5947D0E157240DADB /* Pods-VeroCaseStudy.debug.xcconfig */;
			buildSettings = {
				ASSETCATALOG_COMPILER_APPICON_NAME = AppIcon;
				ASSETCATALOG_COMPILER_GLOBAL_ACCENT_COLOR_NAME = AccentColor;
				CODE_SIGN_STYLE = Automatic;
				CURRENT_PROJECT_VERSION = 1;
				GENERATE_INFOPLIST_FILE = YES;
				INFOPLIST_FILE = VeroCaseStudy/Info.plist;
				INFOPLIST_KEY_NSCameraUsageDescription = "\"BauBuddy\" would like to access to camera";
				INFOPLIST_KEY_UIApplicationSupportsIndirectInputEvents = YES;
				INFOPLIST_KEY_UILaunchStoryboardName = LaunchScreen;
				INFOPLIST_KEY_UISupportedInterfaceOrientations_iPad = "UIInterfaceOrientationPortrait UIInterfaceOrientationPortraitUpsideDown UIInterfaceOrientationLandscapeLeft UIInterfaceOrientationLandscapeRight";
				INFOPLIST_KEY_UISupportedInterfaceOrientations_iPhone = "UIInterfaceOrientationPortrait UIInterfaceOrientationLandscapeLeft UIInterfaceOrientationLandscapeRight";
				IPHONEOS_DEPLOYMENT_TARGET = 13.0;
				LD_RUNPATH_SEARCH_PATHS = (
					"$(inherited)",
					"@executable_path/Frameworks",
				);
				MARKETING_VERSION = 1.0;
				PRODUCT_BUNDLE_IDENTIFIER = ceviz.VeroCaseStudy;
				PRODUCT_NAME = "$(TARGET_NAME)";
				SWIFT_EMIT_LOC_STRINGS = YES;
				SWIFT_VERSION = 5.0;
				TARGETED_DEVICE_FAMILY = "1,2";
			};
			name = Debug;
		};
		EA14386629D5E8D4004FDED1 /* Release */ = {
			isa = XCBuildConfiguration;
			baseConfigurationReference = 0F59E39E082C18CEBF9A01A1 /* Pods-VeroCaseStudy.release.xcconfig */;
			buildSettings = {
				ASSETCATALOG_COMPILER_APPICON_NAME = AppIcon;
				ASSETCATALOG_COMPILER_GLOBAL_ACCENT_COLOR_NAME = AccentColor;
				CODE_SIGN_STYLE = Automatic;
				CURRENT_PROJECT_VERSION = 1;
				GENERATE_INFOPLIST_FILE = YES;
				INFOPLIST_FILE = VeroCaseStudy/Info.plist;
				INFOPLIST_KEY_NSCameraUsageDescription = "\"BauBuddy\" would like to access to camera";
				INFOPLIST_KEY_UIApplicationSupportsIndirectInputEvents = YES;
				INFOPLIST_KEY_UILaunchStoryboardName = LaunchScreen;
				INFOPLIST_KEY_UISupportedInterfaceOrientations_iPad = "UIInterfaceOrientationPortrait UIInterfaceOrientationPortraitUpsideDown UIInterfaceOrientationLandscapeLeft UIInterfaceOrientationLandscapeRight";
				INFOPLIST_KEY_UISupportedInterfaceOrientations_iPhone = "UIInterfaceOrientationPortrait UIInterfaceOrientationLandscapeLeft UIInterfaceOrientationLandscapeRight";
				IPHONEOS_DEPLOYMENT_TARGET = 13.0;
				LD_RUNPATH_SEARCH_PATHS = (
					"$(inherited)",
					"@executable_path/Frameworks",
				);
				MARKETING_VERSION = 1.0;
				PRODUCT_BUNDLE_IDENTIFIER = ceviz.VeroCaseStudy;
				PRODUCT_NAME = "$(TARGET_NAME)";
				SWIFT_EMIT_LOC_STRINGS = YES;
				SWIFT_VERSION = 5.0;
				TARGETED_DEVICE_FAMILY = "1,2";
			};
			name = Release;
		};
/* End XCBuildConfiguration section */

/* Begin XCConfigurationList section */
		EA14384B29D5E8D3004FDED1 /* Build configuration list for PBXProject "VeroCaseStudy" */ = {
			isa = XCConfigurationList;
			buildConfigurations = (
				EA14386229D5E8D4004FDED1 /* Debug */,
				EA14386329D5E8D4004FDED1 /* Release */,
			);
			defaultConfigurationIsVisible = 0;
			defaultConfigurationName = Release;
		};
		EA14386429D5E8D4004FDED1 /* Build configuration list for PBXNativeTarget "VeroCaseStudy" */ = {
			isa = XCConfigurationList;
			buildConfigurations = (
				EA14386529D5E8D4004FDED1 /* Debug */,
				EA14386629D5E8D4004FDED1 /* Release */,
			);
			defaultConfigurationIsVisible = 0;
			defaultConfigurationName = Release;
		};
/* End XCConfigurationList section */
	};
	rootObject = EA14384829D5E8D3004FDED1 /* Project object */;
}
